
Microsoft Visual Studio Solution File, Format Version 12.00
# Visual Studio Version 17
VisualStudioVersion = 17.0.31903.59
MinimumVisualStudioVersion = 10.0.40219.1
Project("{2150E333-8FDC-42A3-9474-1A3956D46DE8}") = "src", "src", "{827E0CD3-B72D-47B6-A68D-7590B98EB39B}"
EndProject
Project("{FAE04EC0-301F-11D3-BF4B-00C04F79EFBC}") = "Cemaris.Api", "src\Cemaris.Api\Cemaris.Api.csproj", "{16643D31-2F75-4AF4-AF59-F97BAC5AEF72}"
EndProject
Project("{FAE04EC0-301F-11D3-BF4B-00C04F79EFBC}") = "Cemaris.Application", "src\Cemaris.Application\Cemaris.Application.csproj", "{C33669F2-5F5B-4FD3-8AB3-FC843A2F8203}"
EndProject
Project("{FAE04EC0-301F-11D3-BF4B-00C04F79EFBC}") = "Cemaris.Domain", "src\Cemaris.Domain\Cemaris.Domain.csproj", "{34572032-0DC3-4824-8E3B-5948E5180168}"
EndProject
Project("{FAE04EC0-301F-11D3-BF4B-00C04F79EFBC}") = "Cemaris.Infrastructure", "src\Cemaris.Infrastructure\Cemaris.Infrastructure.csproj", "{015C9EFD-FCB0-4627-9F30-8CBF025FD248}"
EndProject
Project("{2150E333-8FDC-42A3-9474-1A3956D46DE8}") = "tests", "tests", "{0AB3BF05-4346-4AA6-1389-037BE0695223}"
EndProject
Project("{FAE04EC0-301F-11D3-BF4B-00C04F79EFBC}") = "Cemaris.IntegrationTests", "tests\Cemaris.IntegrationTests\Cemaris.IntegrationTests.csproj", "{AA24E644-DD4B-4BC3-B1BD-8710BB8B336F}"
EndProject
Project("{FAE04EC0-301F-11D3-BF4B-00C04F79EFBC}") = "Cemaris.UnitTests", "tests\Cemaris.UnitTests\Cemaris.UnitTests.csproj", "{CE525BEE-4714-4320-B1CB-D54ED8A7B1AF}"
EndProject
Global
	GlobalSection(SolutionConfigurationPlatforms) = preSolution
		Debug|Any CPU = Debug|Any CPU
		Debug|x64 = Debug|x64
		Debug|x86 = Debug|x86
		Release|Any CPU = Release|Any CPU
		Release|x64 = Release|x64
		Release|x86 = Release|x86
	EndGlobalSection
	GlobalSection(ProjectConfigurationPlatforms) = postSolution
		{16643D31-2F75-4AF4-AF59-F97BAC5AEF72}.Debug|Any CPU.ActiveCfg = Debug|Any CPU
		{16643D31-2F75-4AF4-AF59-F97BAC5AEF72}.Debug|Any CPU.Build.0 = Debug|Any CPU
		{16643D31-2F75-4AF4-AF59-F97BAC5AEF72}.Debug|x64.ActiveCfg = Debug|Any CPU
		{16643D31-2F75-4AF4-AF59-F97BAC5AEF72}.Debug|x64.Build.0 = Debug|Any CPU
		{16643D31-2F75-4AF4-AF59-F97BAC5AEF72}.Debug|x86.ActiveCfg = Debug|Any CPU
		{16643D31-2F75-4AF4-AF59-F97BAC5AEF72}.Debug|x86.Build.0 = Debug|Any CPU
		{16643D31-2F75-4AF4-AF59-F97BAC5AEF72}.Release|Any CPU.ActiveCfg = Release|Any CPU
		{16643D31-2F75-4AF4-AF59-F97BAC5AEF72}.Release|Any CPU.Build.0 = Release|Any CPU
		{16643D31-2F75-4AF4-AF59-F97BAC5AEF72}.Release|x64.ActiveCfg = Release|Any CPU
		{16643D31-2F75-4AF4-AF59-F97BAC5AEF72}.Release|x64.Build.0 = Release|Any CPU
		{16643D31-2F75-4AF4-AF59-F97BAC5AEF72}.Release|x86.ActiveCfg = Release|Any CPU
		{16643D31-2F75-4AF4-AF59-F97BAC5AEF72}.Release|x86.Build.0 = Release|Any CPU
		{C33669F2-5F5B-4FD3-8AB3-FC843A2F8203}.Debug|Any CPU.ActiveCfg = Debug|Any CPU
		{C33669F2-5F5B-4FD3-8AB3-FC843A2F8203}.Debug|Any CPU.Build.0 = Debug|Any CPU
		{C33669F2-5F5B-4FD3-8AB3-FC843A2F8203}.Debug|x64.ActiveCfg = Debug|Any CPU
		{C33669F2-5F5B-4FD3-8AB3-FC843A2F8203}.Debug|x64.Build.0 = Debug|Any CPU
		{C33669F2-5F5B-4FD3-8AB3-FC843A2F8203}.Debug|x86.ActiveCfg = Debug|Any CPU
		{C33669F2-5F5B-4FD3-8AB3-FC843A2F8203}.Debug|x86.Build.0 = Debug|Any CPU
		{C33669F2-5F5B-4FD3-8AB3-FC843A2F8203}.Release|Any CPU.ActiveCfg = Release|Any CPU
		{C33669F2-5F5B-4FD3-8AB3-FC843A2F8203}.Release|Any CPU.Build.0 = Release|Any CPU
		{C33669F2-5F5B-4FD3-8AB3-FC843A2F8203}.Release|x64.ActiveCfg = Release|Any CPU
		{C33669F2-5F5B-4FD3-8AB3-FC843A2F8203}.Release|x64.Build.0 = Release|Any CPU
		{C33669F2-5F5B-4FD3-8AB3-FC843A2F8203}.Release|x86.ActiveCfg = Release|Any CPU
		{C33669F2-5F5B-4FD3-8AB3-FC843A2F8203}.Release|x86.Build.0 = Release|Any CPU
		{34572032-0DC3-4824-8E3B-5948E5180168}.Debug|Any CPU.ActiveCfg = Debug|Any CPU
		{34572032-0DC3-4824-8E3B-5948E5180168}.Debug|Any CPU.Build.0 = Debug|Any CPU
		{34572032-0DC3-4824-8E3B-5948E5180168}.Debug|x64.ActiveCfg = Debug|Any CPU
		{34572032-0DC3-4824-8E3B-5948E5180168}.Debug|x64.Build.0 = Debug|Any CPU
		{34572032-0DC3-4824-8E3B-5948E5180168}.Debug|x86.ActiveCfg = Debug|Any CPU
		{34572032-0DC3-4824-8E3B-5948E5180168}.Debug|x86.Build.0 = Debug|Any CPU
		{34572032-0DC3-4824-8E3B-5948E5180168}.Release|Any CPU.ActiveCfg = Release|Any CPU
		{34572032-0DC3-4824-8E3B-5948E5180168}.Release|Any CPU.Build.0 = Release|Any CPU
		{34572032-0DC3-4824-8E3B-5948E5180168}.Release|x64.ActiveCfg = Release|Any CPU
		{34572032-0DC3-4824-8E3B-5948E5180168}.Release|x64.Build.0 = Release|Any CPU
		{34572032-0DC3-4824-8E3B-5948E5180168}.Release|x86.ActiveCfg = Release|Any CPU
		{34572032-0DC3-4824-8E3B-5948E5180168}.Release|x86.Build.0 = Release|Any CPU
		{015C9EFD-FCB0-4627-9F30-8CBF025FD248}.Debug|Any CPU.ActiveCfg = Debug|Any CPU
		{015C9EFD-FCB0-4627-9F30-8CBF025FD248}.Debug|Any CPU.Build.0 = Debug|Any CPU
		{015C9EFD-FCB0-4627-9F30-8CBF025FD248}.Debug|x64.ActiveCfg = Debug|Any CPU
		{015C9EFD-FCB0-4627-9F30-8CBF025FD248}.Debug|x64.Build.0 = Debug|Any CPU
		{015C9EFD-FCB0-4627-9F30-8CBF025FD248}.Debug|x86.ActiveCfg = Debug|Any CPU
		{015C9EFD-FCB0-4627-9F30-8CBF025FD248}.Debug|x86.Build.0 = Debug|Any CPU
		{015C9EFD-FCB0-4627-9F30-8CBF025FD248}.Release|Any CPU.ActiveCfg = Release|Any CPU
		{015C9EFD-FCB0-4627-9F30-8CBF025FD248}.Release|Any CPU.Build.0 = Release|Any CPU
		{015C9EFD-FCB0-4627-9F30-8CBF025FD248}.Release|x64.ActiveCfg = Release|Any CPU
		{015C9EFD-FCB0-4627-9F30-8CBF025FD248}.Release|x64.Build.0 = Release|Any CPU
		{015C9EFD-FCB0-4627-9F30-8CBF025FD248}.Release|x86.ActiveCfg = Release|Any CPU
		{015C9EFD-FCB0-4627-9F30-8CBF025FD248}.Release|x86.Build.0 = Release|Any CPU
		{AA24E644-DD4B-4BC3-B1BD-8710BB8B336F}.Debug|Any CPU.ActiveCfg = Debug|Any CPU
		{AA24E644-DD4B-4BC3-B1BD-8710BB8B336F}.Debug|Any CPU.Build.0 = Debug|Any CPU
		{AA24E644-DD4B-4BC3-B1BD-8710BB8B336F}.Debug|x64.ActiveCfg = Debug|Any CPU
		{AA24E644-DD4B-4BC3-B1BD-8710BB8B336F}.Debug|x64.Build.0 = Debug|Any CPU
		{AA24E644-DD4B-4BC3-B1BD-8710BB8B336F}.Debug|x86.ActiveCfg = Debug|Any CPU
		{AA24E644-DD4B-4BC3-B1BD-8710BB8B336F}.Debug|x86.Build.0 = Debug|Any CPU
		{AA24E644-DD4B-4BC3-B1BD-8710BB8B336F}.Release|Any CPU.ActiveCfg = Release|Any CPU
		{AA24E644-DD4B-4BC3-B1BD-8710BB8B336F}.Release|Any CPU.Build.0 = Release|Any CPU
		{AA24E644-DD4B-4BC3-B1BD-8710BB8B336F}.Release|x64.ActiveCfg = Release|Any CPU
		{AA24E644-DD4B-4BC3-B1BD-8710BB8B336F}.Release|x64.Build.0 = Release|Any CPU
		{AA24E644-DD4B-4BC3-B1BD-8710BB8B336F}.Release|x86.ActiveCfg = Release|Any CPU
		{AA24E644-DD4B-4BC3-B1BD-8710BB8B336F}.Release|x86.Build.0 = Release|Any CPU
		{CE525BEE-4714-4320-B1CB-D54ED8A7B1AF}.Debug|Any CPU.ActiveCfg = Debug|Any CPU
		{CE525BEE-4714-4320-B1CB-D54ED8A7B1AF}.Debug|Any CPU.Build.0 = Debug|Any CPU
		{CE525BEE-4714-4320-B1CB-D54ED8A7B1AF}.Debug|x64.ActiveCfg = Debug|Any CPU
		{CE525BEE-4714-4320-B1CB-D54ED8A7B1AF}.Debug|x64.Build.0 = Debug|Any CPU
		{CE525BEE-4714-4320-B1CB-D54ED8A7B1AF}.Debug|x86.ActiveCfg = Debug|Any CPU
		{CE525BEE-4714-4320-B1CB-D54ED8A7B1AF}.Debug|x86.Build.0 = Debug|Any CPU
		{CE525BEE-4714-4320-B1CB-D54ED8A7B1AF}.Release|Any CPU.ActiveCfg = Release|Any CPU
		{CE525BEE-4714-4320-B1CB-D54ED8A7B1AF}.Release|Any CPU.Build.0 = Release|Any CPU
		{CE525BEE-4714-4320-B1CB-D54ED8A7B1AF}.Release|x64.ActiveCfg = Release|Any CPU
		{CE525BEE-4714-4320-B1CB-D54ED8A7B1AF}.Release|x64.Build.0 = Release|Any CPU
		{CE525BEE-4714-4320-B1CB-D54ED8A7B1AF}.Release|x86.ActiveCfg = Release|Any CPU
		{CE525BEE-4714-4320-B1CB-D54ED8A7B1AF}.Release|x86.Build.0 = Release|Any CPU
	EndGlobalSection
	GlobalSection(SolutionProperties) = preSolution
		HideSolutionNode = FALSE
	EndGlobalSection
	GlobalSection(NestedProjects) = preSolution
		{16643D31-2F75-4AF4-AF59-F97BAC5AEF72} = {827E0CD3-B72D-47B6-A68D-7590B98EB39B}
		{C33669F2-5F5B-4FD3-8AB3-FC843A2F8203} = {827E0CD3-B72D-47B6-A68D-7590B98EB39B}
		{34572032-0DC3-4824-8E3B-5948E5180168} = {827E0CD3-B72D-47B6-A68D-7590B98EB39B}
		{015C9EFD-FCB0-4627-9F30-8CBF025FD248} = {827E0CD3-B72D-47B6-A68D-7590B98EB39B}
		{AA24E644-DD4B-4BC3-B1BD-8710BB8B336F} = {0AB3BF05-4346-4AA6-1389-037BE0695223}
		{CE525BEE-4714-4320-B1CB-D54ED8A7B1AF} = {0AB3BF05-4346-4AA6-1389-037BE0695223}
	EndGlobalSection
EndGlobal
